
Microsoft Visual Studio Solution File, Format Version 12.00
# Visual Studio 15
VisualStudioVersion = 15.0.26730.16
MinimumVisualStudioVersion = 10.0.40219.1
Project("{8BC9CEB8-8B4A-11D0-8D11-00A0C91BC942}") = "ParetoEfficiency", "ParetoEfficiency\ParetoEfficiency.vcxproj", "{4414B8B0-971A-4A16-9C9A-FD0B13D1CE62}"
EndProject
Global
	GlobalSection(SolutionConfigurationPlatforms) = preSolution
		Debug|x64 = Debug|x64
		Debug|x86 = Debug|x86
		Release|x64 = Release|x64
		Release|x86 = Release|x86
	EndGlobalSection
	GlobalSection(ProjectConfigurationPlatforms) = postSolution
		{4414B8B0-971A-4A16-9C9A-FD0B13D1CE62}.Debug|x64.ActiveCfg = Debug|x64
		{4414B8B0-971A-4A16-9C9A-FD0B13D1CE62}.Debug|x64.Build.0 = Debug|x64
		{4414B8B0-971A-4A16-9C9A-FD0B13D1CE62}.Debug|x86.ActiveCfg = Debug|Win32
		{4414B8B0-971A-4A16-9C9A-FD0B13D1CE62}.Debug|x86.Build.0 = Debug|Win32
		{4414B8B0-971A-4A16-9C9A-FD0B13D1CE62}.Release|x64.ActiveCfg = Release|x64
		{4414B8B0-971A-4A16-9C9A-FD0B13D1CE62}.Release|x64.Build.0 = Release|x64
		{4414B8B0-971A-4A16-9C9A-FD0B13D1CE62}.Release|x86.ActiveCfg = Release|Win32
		{4414B8B0-971A-4A16-9C9A-FD0B13D1CE62}.Release|x86.Build.0 = Release|Win32
	EndGlobalSection
	GlobalSection(SolutionProperties) = preSolution
		HideSolutionNode = FALSE
	EndGlobalSection
	GlobalSection(ExtensibilityGlobals) = postSolution
		SolutionGuid = {1AF539F9-1B38-47A7-92C8-74A78CCDD800}
	EndGlobalSection
EndGlobal
